
Microsoft Visual Studio Solution File, Format Version 12.00
# Visual Studio Version 16
VisualStudioVersion = 16.0.28922.388
MinimumVisualStudioVersion = 10.0.40219.1
Project("{8BC9CEB8-8B4A-11D0-8D11-00A0C91BC942}") = "deceit v1 rebuild", "deceit v1 rebuild\deceit v1 rebuild.vcxproj", "{C6DF8A17-7E12-41E1-B645-C8AD5FCBA3CF}"
EndProject
Global
	GlobalSection(SolutionConfigurationPlatforms) = preSolution
		Debug|x64 = Debug|x64
		Debug|x86 = Debug|x86
		Release|x64 = Release|x64
		Release|x86 = Release|x86
	EndGlobalSection
	GlobalSection(ProjectConfigurationPlatforms) = postSolution
		{C6DF8A17-7E12-41E1-B645-C8AD5FCBA3CF}.Debug|x64.ActiveCfg = Debug|x64
		{C6DF8A17-7E12-41E1-B645-C8AD5FCBA3CF}.Debug|x64.Build.0 = Debug|x64
		{C6DF8A17-7E12-41E1-B645-C8AD5FCBA3CF}.Debug|x86.ActiveCfg = Debug|Win32
		{C6DF8A17-7E12-41E1-B645-C8AD5FCBA3CF}.Debug|x86.Build.0 = Debug|Win32
		{C6DF8A17-7E12-41E1-B645-C8AD5FCBA3CF}.Release|x64.ActiveCfg = Release|x64
		{C6DF8A17-7E12-41E1-B645-C8AD5FCBA3CF}.Release|x64.Build.0 = Release|x64
		{C6DF8A17-7E12-41E1-B645-C8AD5FCBA3CF}.Release|x86.ActiveCfg = Release|Win32
		{C6DF8A17-7E12-41E1-B645-C8AD5FCBA3CF}.Release|x86.Build.0 = Release|Win32
	EndGlobalSection
	GlobalSection(SolutionProperties) = preSolution
		HideSolutionNode = FALSE
	EndGlobalSection
	GlobalSection(ExtensibilityGlobals) = postSolution
		SolutionGuid = {4AD1E00D-183F-4AAB-9D55-9962FDEF30F6}
	EndGlobalSection
EndGlobal
